
Microsoft Visual Studio Solution File, Format Version 12.00
# Visual Studio Version 17
VisualStudioVersion = 17.4.33205.214
MinimumVisualStudioVersion = 10.0.40219.1
Project("{FAE04EC0-301F-11D3-BF4B-00C04F79EFBC}") = "GravatarSharp", "GravatarSharp.csproj", "{14D2A162-1BCC-4F6C-BE94-E297AA28F108}"
EndProject
Global
	GlobalSection(SolutionConfigurationPlatforms) = preSolution
		Debug|Any CPU = Debug|Any CPU
		Release|Any CPU = Release|Any CPU
	EndGlobalSection
	GlobalSection(ProjectConfigurationPlatforms) = postSolution
		{14D2A162-1BCC-4F6C-BE94-E297AA28F108}.Debug|Any CPU.ActiveCfg = Debug|Any CPU
		{14D2A162-1BCC-4F6C-BE94-E297AA28F108}.Debug|Any CPU.Build.0 = Debug|Any CPU
		{14D2A162-1BCC-4F6C-BE94-E297AA28F108}.Release|Any CPU.ActiveCfg = Release|Any CPU
		{14D2A162-1BCC-4F6C-BE94-E297AA28F108}.Release|Any CPU.Build.0 = Release|Any CPU
	EndGlobalSection
	GlobalSection(SolutionProperties) = preSolution
		HideSolutionNode = FALSE
	EndGlobalSection
	GlobalSection(ExtensibilityGlobals) = postSolution
		SolutionGuid = {D8EC987E-C387-4EF2-A2F0-8EC8525F9297}
	EndGlobalSection
EndGlobal
